// !$*UTF8*$!
{
	archiveVersion = 1;
	classes = {
	};
	objectVersion = 46;
	objects = {

/* Begin PBXBuildFile section */
		9490841DC42B8F2B55C092E2 /* Pods_DevChat2.framework in Frameworks */ = {isa = PBXBuildFile; fileRef = B0E1C5B5072A1AC68280625F /* Pods_DevChat2.framework */; };
		FC1844DD1F802F8B00041E0E /* RoundTextField.swift in Sources */ = {isa = PBXBuildFile; fileRef = FC1844DC1F802F8B00041E0E /* RoundTextField.swift */; };
		FC1844DF1F80748900041E0E /* RoundedButton.swift in Sources */ = {isa = PBXBuildFile; fileRef = FC1844DE1F80748900041E0E /* RoundedButton.swift */; };
		FC2B52081F7D3E750069E737 /* AppDelegate.swift in Sources */ = {isa = PBXBuildFile; fileRef = FC2B52071F7D3E750069E737 /* AppDelegate.swift */; };
		FC2B520A1F7D3E750069E737 /* CameraVC.swift in Sources */ = {isa = PBXBuildFile; fileRef = FC2B52091F7D3E750069E737 /* CameraVC.swift */; };
		FC2B520F1F7D3E750069E737 /* Assets.xcassets in Resources */ = {isa = PBXBuildFile; fileRef = FC2B520E1F7D3E750069E737 /* Assets.xcassets */; };
		FC2B52121F7D3E750069E737 /* LaunchScreen.storyboard in Resources */ = {isa = PBXBuildFile; fileRef = FC2B52101F7D3E750069E737 /* LaunchScreen.storyboard */; };
		FC2B52201F7D3EF60069E737 /* AVCamPreviewView.m in Sources */ = {isa = PBXBuildFile; fileRef = FC2B521B1F7D3EF60069E737 /* AVCamPreviewView.m */; };
		FC2B52211F7D3EF60069E737 /* AVCamCameraViewController.m in Sources */ = {isa = PBXBuildFile; fileRef = FC2B521D1F7D3EF60069E737 /* AVCamCameraViewController.m */; };
		FC2B52221F7D3EF60069E737 /* AVCamPhotoCaptureDelegate.m in Sources */ = {isa = PBXBuildFile; fileRef = FC2B521F1F7D3EF60069E737 /* AVCamPhotoCaptureDelegate.m */; };
		FC2B52281F7DEDFD0069E737 /* Main.storyboard in Resources */ = {isa = PBXBuildFile; fileRef = FC2B52261F7DEDFD0069E737 /* Main.storyboard */; };
		FC2B522D1F7F02E00069E737 /* GoogleService-Info.plist in Resources */ = {isa = PBXBuildFile; fileRef = FC2B522C1F7F02E00069E737 /* GoogleService-Info.plist */; };
		FCD7DD511F8082EB009EED36 /* LogInVC.swift in Sources */ = {isa = PBXBuildFile; fileRef = FCD7DD501F8082EB009EED36 /* LogInVC.swift */; };
		FCD7DD541F81763F009EED36 /* AuthService.swift in Sources */ = {isa = PBXBuildFile; fileRef = FCD7DD531F81763F009EED36 /* AuthService.swift */; };
/* End PBXBuildFile section */

/* Begin PBXFileReference section */
		20FAD062A15BE10197370DA7 /* Pods-DevChat2.debug.xcconfig */ = {isa = PBXFileReference; includeInIndex = 1; lastKnownFileType = text.xcconfig; name = "Pods-DevChat2.debug.xcconfig"; path = "Pods/Target Support Files/Pods-DevChat2/Pods-DevChat2.debug.xcconfig"; sourceTree = "<group>"; };
		B0E1C5B5072A1AC68280625F /* Pods_DevChat2.framework */ = {isa = PBXFileReference; explicitFileType = wrapper.framework; includeInIndex = 0; path = Pods_DevChat2.framework; sourceTree = BUILT_PRODUCTS_DIR; };
		EB661297F1DE40849922A0D2 /* Pods-DevChat2.release.xcconfig */ = {isa = PBXFileReference; includeInIndex = 1; lastKnownFileType = text.xcconfig; name = "Pods-DevChat2.release.xcconfig"; path = "Pods/Target Support Files/Pods-DevChat2/Pods-DevChat2.release.xcconfig"; sourceTree = "<group>"; };
		FC1844DC1F802F8B00041E0E /* RoundTextField.swift */ = {isa = PBXFileReference; fileEncoding = 4; lastKnownFileType = sourcecode.swift; path = RoundTextField.swift; sourceTree = "<group>"; };
		FC1844DE1F80748900041E0E /* RoundedButton.swift */ = {isa = PBXFileReference; fileEncoding = 4; lastKnownFileType = sourcecode.swift; path = RoundedButton.swift; sourceTree = "<group>"; };
		FC2B52041F7D3E750069E737 /* DevChat2.app */ = {isa = PBXFileReference; explicitFileType = wrapper.application; includeInIndex = 0; path = DevChat2.app; sourceTree = BUILT_PRODUCTS_DIR; };
		FC2B52071F7D3E750069E737 /* AppDelegate.swift */ = {isa = PBXFileReference; lastKnownFileType = sourcecode.swift; path = AppDelegate.swift; sourceTree = "<group>"; };
		FC2B52091F7D3E750069E737 /* CameraVC.swift */ = {isa = PBXFileReference; lastKnownFileType = sourcecode.swift; path = CameraVC.swift; sourceTree = "<group>"; };
		FC2B520E1F7D3E750069E737 /* Assets.xcassets */ = {isa = PBXFileReference; lastKnownFileType = folder.assetcatalog; path = Assets.xcassets; sourceTree = "<group>"; };
		FC2B52111F7D3E750069E737 /* Base */ = {isa = PBXFileReference; lastKnownFileType = file.storyboard; name = Base; path = Base.lproj/LaunchScreen.storyboard; sourceTree = "<group>"; };
		FC2B52131F7D3E750069E737 /* Info.plist */ = {isa = PBXFileReference; lastKnownFileType = text.plist.xml; path = Info.plist; sourceTree = "<group>"; };
		FC2B521A1F7D3EF60069E737 /* AVCamPreviewView.h */ = {isa = PBXFileReference; fileEncoding = 4; lastKnownFileType = sourcecode.c.h; path = AVCamPreviewView.h; sourceTree = "<group>"; };
		FC2B521B1F7D3EF60069E737 /* AVCamPreviewView.m */ = {isa = PBXFileReference; fileEncoding = 4; lastKnownFileType = sourcecode.c.objc; path = AVCamPreviewView.m; sourceTree = "<group>"; };
		FC2B521C1F7D3EF60069E737 /* AVCamCameraViewController.h */ = {isa = PBXFileReference; fileEncoding = 4; lastKnownFileType = sourcecode.c.h; path = AVCamCameraViewController.h; sourceTree = "<group>"; };
		FC2B521D1F7D3EF60069E737 /* AVCamCameraViewController.m */ = {isa = PBXFileReference; fileEncoding = 4; lastKnownFileType = sourcecode.c.objc; path = AVCamCameraViewController.m; sourceTree = "<group>"; };
		FC2B521E1F7D3EF60069E737 /* AVCamPhotoCaptureDelegate.h */ = {isa = PBXFileReference; fileEncoding = 4; lastKnownFileType = sourcecode.c.h; path = AVCamPhotoCaptureDelegate.h; sourceTree = "<group>"; };
		FC2B521F1F7D3EF60069E737 /* AVCamPhotoCaptureDelegate.m */ = {isa = PBXFileReference; fileEncoding = 4; lastKnownFileType = sourcecode.c.objc; path = AVCamPhotoCaptureDelegate.m; sourceTree = "<group>"; };
		FC2B52251F7D87590069E737 /* DevChat2-Bridging-Header.h */ = {isa = PBXFileReference; fileEncoding = 4; lastKnownFileType = sourcecode.c.h; path = "DevChat2-Bridging-Header.h"; sourceTree = "<group>"; };
		FC2B52271F7DEDFD0069E737 /* Base */ = {isa = PBXFileReference; lastKnownFileType = file.storyboard; name = Base; path = Base.lproj/Main.storyboard; sourceTree = "<group>"; };
		FC2B522B1F7EC5A50069E737 /* AVCameraVCDelegate.h */ = {isa = PBXFileReference; fileEncoding = 4; lastKnownFileType = sourcecode.c.h; path = AVCameraVCDelegate.h; sourceTree = "<group>"; };
		FC2B522C1F7F02E00069E737 /* GoogleService-Info.plist */ = {isa = PBXFileReference; fileEncoding = 4; lastKnownFileType = text.plist.xml; path = "GoogleService-Info.plist"; sourceTree = "<group>"; };
		FCD7DD501F8082EB009EED36 /* LogInVC.swift */ = {isa = PBXFileReference; fileEncoding = 4; lastKnownFileType = sourcecode.swift; path = LogInVC.swift; sourceTree = "<group>"; };
		FCD7DD531F81763F009EED36 /* AuthService.swift */ = {isa = PBXFileReference; fileEncoding = 4; lastKnownFileType = sourcecode.swift; path = AuthService.swift; sourceTree = "<group>"; };
/* End PBXFileReference section */

/* Begin PBXFrameworksBuildPhase section */
		FC2B52011F7D3E750069E737 /* Frameworks */ = {
			isa = PBXFrameworksBuildPhase;
			buildActionMask = 2147483647;
			files = (
				9490841DC42B8F2B55C092E2 /* Pods_DevChat2.framework in Frameworks */,
			);
			runOnlyForDeploymentPostprocessing = 0;
		};
/* End PBXFrameworksBuildPhase section */

/* Begin PBXGroup section */
		1908F59A32175A10F9F4AAC9 /* Pods */ = {
			isa = PBXGroup;
			children = (
				20FAD062A15BE10197370DA7 /* Pods-DevChat2.debug.xcconfig */,
				EB661297F1DE40849922A0D2 /* Pods-DevChat2.release.xcconfig */,
			);
			name = Pods;
			sourceTree = "<group>";
		};
		7264E90B5D868E0448B91E79 /* Frameworks */ = {
			isa = PBXGroup;
			children = (
				B0E1C5B5072A1AC68280625F /* Pods_DevChat2.framework */,
			);
			name = Frameworks;
			sourceTree = "<group>";
		};
		FC2B51FB1F7D3E750069E737 = {
			isa = PBXGroup;
			children = (
				FC2B52061F7D3E750069E737 /* DevChat2 */,
				FC2B52051F7D3E750069E737 /* Products */,
				1908F59A32175A10F9F4AAC9 /* Pods */,
				7264E90B5D868E0448B91E79 /* Frameworks */,
			);
			sourceTree = "<group>";
		};
		FC2B52051F7D3E750069E737 /* Products */ = {
			isa = PBXGroup;
			children = (
				FC2B52041F7D3E750069E737 /* DevChat2.app */,
			);
			name = Products;
			sourceTree = "<group>";
		};
		FC2B52061F7D3E750069E737 /* DevChat2 */ = {
			isa = PBXGroup;
			children = (
				FCD7DD521F81761B009EED36 /* Services */,
				FC2B52291F7EC54E0069E737 /* Protocols */,
				FC2B52241F7D3F770069E737 /* View */,
				FC2B52231F7D3F610069E737 /* Controller */,
				FC2B521E1F7D3EF60069E737 /* AVCamPhotoCaptureDelegate.h */,
				FC2B521F1F7D3EF60069E737 /* AVCamPhotoCaptureDelegate.m */,
				FC2B52071F7D3E750069E737 /* AppDelegate.swift */,
				FC2B520E1F7D3E750069E737 /* Assets.xcassets */,
				FC2B52261F7DEDFD0069E737 /* Main.storyboard */,
				FC2B52101F7D3E750069E737 /* LaunchScreen.storyboard */,
				FC2B52131F7D3E750069E737 /* Info.plist */,
				FC2B522C1F7F02E00069E737 /* GoogleService-Info.plist */,
				FC2B52251F7D87590069E737 /* DevChat2-Bridging-Header.h */,
			);
			path = DevChat2;
			sourceTree = "<group>";
		};
		FC2B52231F7D3F610069E737 /* Controller */ = {
			isa = PBXGroup;
			children = (
				FC2B521C1F7D3EF60069E737 /* AVCamCameraViewController.h */,
				FC2B521D1F7D3EF60069E737 /* AVCamCameraViewController.m */,
				FC2B52091F7D3E750069E737 /* CameraVC.swift */,
				FCD7DD501F8082EB009EED36 /* LogInVC.swift */,
			);
			name = Controller;
			sourceTree = "<group>";
		};
		FC2B52241F7D3F770069E737 /* View */ = {
			isa = PBXGroup;
			children = (
				FC2B521A1F7D3EF60069E737 /* AVCamPreviewView.h */,
				FC2B521B1F7D3EF60069E737 /* AVCamPreviewView.m */,
				FC1844DC1F802F8B00041E0E /* RoundTextField.swift */,
				FC1844DE1F80748900041E0E /* RoundedButton.swift */,
			);
			name = View;
			sourceTree = "<group>";
		};
		FC2B52291F7EC54E0069E737 /* Protocols */ = {
			isa = PBXGroup;
			children = (
				FC2B522B1F7EC5A50069E737 /* AVCameraVCDelegate.h */,
			);
			name = Protocols;
			sourceTree = "<group>";
		};
		FCD7DD521F81761B009EED36 /* Services */ = {
			isa = PBXGroup;
			children = (
				FCD7DD531F81763F009EED36 /* AuthService.swift */,
			);
			name = Services;
			sourceTree = "<group>";
		};
/* End PBXGroup section */

/* Begin PBXNativeTarget section */
		FC2B52031F7D3E750069E737 /* DevChat2 */ = {
			isa = PBXNativeTarget;
			buildConfigurationList = FC2B52161F7D3E750069E737 /* Build configuration list for PBXNativeTarget "DevChat2" */;
			buildPhases = (
				31C7731EC932EBF61BD1E447 /* [CP] Check Pods Manifest.lock */,
				FC2B52001F7D3E750069E737 /* Sources */,
				FC2B52011F7D3E750069E737 /* Frameworks */,
				FC2B52021F7D3E750069E737 /* Resources */,
				52A9B4269B7BDB9600E0014F /* [CP] Embed Pods Frameworks */,
				FE0C408BABC6251A85E87335 /* [CP] Copy Pods Resources */,
			);
			buildRules = (
			);
			dependencies = (
			);
			name = DevChat2;
			productName = DevChat2;
			productReference = FC2B52041F7D3E750069E737 /* DevChat2.app */;
			productType = "com.apple.product-type.application";
		};
/* End PBXNativeTarget section */

/* Begin PBXProject section */
		FC2B51FC1F7D3E750069E737 /* Project object */ = {
			isa = PBXProject;
			attributes = {
				LastSwiftUpdateCheck = 0830;
				LastUpgradeCheck = 0830;
				ORGANIZATIONNAME = Udemy;
				TargetAttributes = {
					FC2B52031F7D3E750069E737 = {
						CreatedOnToolsVersion = 8.3.3;
						DevelopmentTeam = 6WESCS98BF;
						LastSwiftMigration = 0830;
						ProvisioningStyle = Automatic;
					};
				};
			};
			buildConfigurationList = FC2B51FF1F7D3E750069E737 /* Build configuration list for PBXProject "DevChat2" */;
			compatibilityVersion = "Xcode 3.2";
			developmentRegion = English;
			hasScannedForEncodings = 0;
			knownRegions = (
				en,
				Base,
			);
			mainGroup = FC2B51FB1F7D3E750069E737;
			productRefGroup = FC2B52051F7D3E750069E737 /* Products */;
			projectDirPath = "";
			projectRoot = "";
			targets = (
				FC2B52031F7D3E750069E737 /* DevChat2 */,
			);
		};
/* End PBXProject section */

/* Begin PBXResourcesBuildPhase section */
		FC2B52021F7D3E750069E737 /* Resources */ = {
			isa = PBXResourcesBuildPhase;
			buildActionMask = 2147483647;
			files = (
				FC2B52281F7DEDFD0069E737 /* Main.storyboard in Resources */,
				FC2B522D1F7F02E00069E737 /* GoogleService-Info.plist in Resources */,
				FC2B52121F7D3E750069E737 /* LaunchScreen.storyboard in Resources */,
				FC2B520F1F7D3E750069E737 /* Assets.xcassets in Resources */,
			);
			runOnlyForDeploymentPostprocessing = 0;
		};
/* End PBXResourcesBuildPhase section */

/* Begin PBXShellScriptBuildPhase section */
		31C7731EC932EBF61BD1E447 /* [CP] Check Pods Manifest.lock */ = {
			isa = PBXShellScriptBuildPhase;
			buildActionMask = 2147483647;
			files = (
			);
			inputPaths = (
				"${PODS_PODFILE_DIR_PATH}/Podfile.lock",
				"${PODS_ROOT}/Manifest.lock",
			);
			name = "[CP] Check Pods Manifest.lock";
			outputPaths = (
				"$(DERIVED_FILE_DIR)/Pods-DevChat2-checkManifestLockResult.txt",
			);
			runOnlyForDeploymentPostprocessing = 0;
			shellPath = /bin/sh;
			shellScript = "diff \"${PODS_PODFILE_DIR_PATH}/Podfile.lock\" \"${PODS_ROOT}/Manifest.lock\" > /dev/null\nif [ $? != 0 ] ; then\n    # print error to STDERR\n    echo \"error: The sandbox is not in sync with the Podfile.lock. Run 'pod install' or update your CocoaPods installation.\" >&2\n    exit 1\nfi\n# This output is used by Xcode 'outputs' to avoid re-running this script phase.\necho \"SUCCESS\" > \"${SCRIPT_OUTPUT_FILE_0}\"\n";
			showEnvVarsInLog = 0;
		};
		52A9B4269B7BDB9600E0014F /* [CP] Embed Pods Frameworks */ = {
			isa = PBXShellScriptBuildPhase;
			buildActionMask = 2147483647;
			files = (
			);
			inputPaths = (
				"${SRCROOT}/Pods/Target Support Files/Pods-DevChat2/Pods-DevChat2-frameworks.sh",
				"${BUILT_PRODUCTS_DIR}/GTMSessionFetcher/GTMSessionFetcher.framework",
				"${BUILT_PRODUCTS_DIR}/GoogleToolboxForMac/GoogleToolboxForMac.framework",
				"${BUILT_PRODUCTS_DIR}/nanopb/nanopb.framework",
			);
			name = "[CP] Embed Pods Frameworks";
			outputPaths = (
				"${TARGET_BUILD_DIR}/${FRAMEWORKS_FOLDER_PATH}/GTMSessionFetcher.framework",
				"${TARGET_BUILD_DIR}/${FRAMEWORKS_FOLDER_PATH}/GoogleToolboxForMac.framework",
				"${TARGET_BUILD_DIR}/${FRAMEWORKS_FOLDER_PATH}/nanopb.framework",
			);
			runOnlyForDeploymentPostprocessing = 0;
			shellPath = /bin/sh;
			shellScript = "\"${SRCROOT}/Pods/Target Support Files/Pods-DevChat2/Pods-DevChat2-frameworks.sh\"\n";
			showEnvVarsInLog = 0;
		};
		FE0C408BABC6251A85E87335 /* [CP] Copy Pods Resources */ = {
			isa = PBXShellScriptBuildPhase;
			buildActionMask = 2147483647;
			files = (
			);
			inputPaths = (
			);
			name = "[CP] Copy Pods Resources";
			outputPaths = (
			);
			runOnlyForDeploymentPostprocessing = 0;
			shellPath = /bin/sh;
			shellScript = "\"${SRCROOT}/Pods/Target Support Files/Pods-DevChat2/Pods-DevChat2-resources.sh\"\n";
			showEnvVarsInLog = 0;
		};
/* End PBXShellScriptBuildPhase section */

/* Begin PBXSourcesBuildPhase section */
		FC2B52001F7D3E750069E737 /* Sources */ = {
			isa = PBXSourcesBuildPhase;
			buildActionMask = 2147483647;
			files = (
				FC2B52221F7D3EF60069E737 /* AVCamPhotoCaptureDelegate.m in Sources */,
				FC2B520A1F7D3E750069E737 /* CameraVC.swift in Sources */,
				FCD7DD511F8082EB009EED36 /* LogInVC.swift in Sources */,
				FCD7DD541F81763F009EED36 /* AuthService.swift in Sources */,
				FC2B52081F7D3E750069E737 /* AppDelegate.swift in Sources */,
				FC2B52211F7D3EF60069E737 /* AVCamCameraViewController.m in Sources */,
				FC1844DF1F80748900041E0E /* RoundedButton.swift in Sources */,
				FC1844DD1F802F8B00041E0E /* RoundTextField.swift in Sources */,
				FC2B52201F7D3EF60069E737 /* AVCamPreviewView.m in Sources */,
			);
			runOnlyForDeploymentPostprocessing = 0;
		};
/* End PBXSourcesBuildPhase section */

/* Begin PBXVariantGroup section */
		FC2B52101F7D3E750069E737 /* LaunchScreen.storyboard */ = {
			isa = PBXVariantGroup;
			children = (
				FC2B52111F7D3E750069E737 /* Base */,
			);
			name = LaunchScreen.storyboard;
			sourceTree = "<group>";
		};
		FC2B52261F7DEDFD0069E737 /* Main.storyboard */ = {
			isa = PBXVariantGroup;
			children = (
				FC2B52271F7DEDFD0069E737 /* Base */,
			);
			name = Main.storyboard;
			sourceTree = "<group>";
		};
/* End PBXVariantGroup section */

/* Begin XCBuildConfiguration section */
		FC2B52141F7D3E750069E737 /* Debug */ = {
			isa = XCBuildConfiguration;
			buildSettings = {
				ALWAYS_SEARCH_USER_PATHS = NO;
				CLANG_ANALYZER_NONNULL = YES;
				CLANG_ANALYZER_NUMBER_OBJECT_CONVERSION = YES_AGGRESSIVE;
				CLANG_CXX_LANGUAGE_STANDARD = "gnu++0x";
				CLANG_CXX_LIBRARY = "libc++";
				CLANG_ENABLE_MODULES = YES;
				CLANG_ENABLE_OBJC_ARC = YES;
				CLANG_WARN_BOOL_CONVERSION = YES;
				CLANG_WARN_CONSTANT_CONVERSION = YES;
				CLANG_WARN_DIRECT_OBJC_ISA_USAGE = YES_ERROR;
				CLANG_WARN_DOCUMENTATION_COMMENTS = YES;
				CLANG_WARN_EMPTY_BODY = YES;
				CLANG_WARN_ENUM_CONVERSION = YES;
				CLANG_WARN_INFINITE_RECURSION = YES;
				CLANG_WARN_INT_CONVERSION = YES;
				CLANG_WARN_OBJC_ROOT_CLASS = YES_ERROR;
				CLANG_WARN_SUSPICIOUS_MOVE = YES;
				CLANG_WARN_UNREACHABLE_CODE = YES;
				CLANG_WARN__DUPLICATE_METHOD_MATCH = YES;
				"CODE_SIGN_IDENTITY[sdk=iphoneos*]" = "iPhone Developer";
				COPY_PHASE_STRIP = NO;
				DEBUG_INFORMATION_FORMAT = dwarf;
				ENABLE_STRICT_OBJC_MSGSEND = YES;
				ENABLE_TESTABILITY = YES;
				GCC_C_LANGUAGE_STANDARD = gnu99;
				GCC_DYNAMIC_NO_PIC = NO;
				GCC_NO_COMMON_BLOCKS = YES;
				GCC_OPTIMIZATION_LEVEL = 0;
				GCC_PREPROCESSOR_DEFINITIONS = (
					"DEBUG=1",
					"$(inherited)",
				);
				GCC_WARN_64_TO_32_BIT_CONVERSION = YES;
				GCC_WARN_ABOUT_RETURN_TYPE = YES_ERROR;
				GCC_WARN_UNDECLARED_SELECTOR = YES;
				GCC_WARN_UNINITIALIZED_AUTOS = YES_AGGRESSIVE;
				GCC_WARN_UNUSED_FUNCTION = YES;
				GCC_WARN_UNUSED_VARIABLE = YES;
				IPHONEOS_DEPLOYMENT_TARGET = 10.3;
				MTL_ENABLE_DEBUG_INFO = YES;
				ONLY_ACTIVE_ARCH = YES;
				SDKROOT = iphoneos;
				SWIFT_ACTIVE_COMPILATION_CONDITIONS = DEBUG;
				SWIFT_OPTIMIZATION_LEVEL = "-Onone";
				TARGETED_DEVICE_FAMILY = "1,2";
			};
			name = Debug;
		};
		FC2B52151F7D3E750069E737 /* Release */ = {
			isa = XCBuildConfiguration;
			buildSettings = {
				ALWAYS_SEARCH_USER_PATHS = NO;
				CLANG_ANALYZER_NONNULL = YES;
				CLANG_ANALYZER_NUMBER_OBJECT_CONVERSION = YES_AGGRESSIVE;
				CLANG_CXX_LANGUAGE_STANDARD = "gnu++0x";
				CLANG_CXX_LIBRARY = "libc++";
				CLANG_ENABLE_MODULES = YES;
				CLANG_ENABLE_OBJC_ARC = YES;
				CLANG_WARN_BOOL_CONVERSION = YES;
				CLANG_WARN_CONSTANT_CONVERSION = YES;
				CLANG_WARN_DIRECT_OBJC_ISA_USAGE = YES_ERROR;
				CLANG_WARN_DOCUMENTATION_COMMENTS = YES;
				CLANG_WARN_EMPTY_BODY = YES;
				CLANG_WARN_ENUM_CONVERSION = YES;
				CLANG_WARN_INFINITE_RECURSION = YES;
				CLANG_WARN_INT_CONVERSION = YES;
				CLANG_WARN_OBJC_ROOT_CLASS = YES_ERROR;
				CLANG_WARN_SUSPICIOUS_MOVE = YES;
				CLANG_WARN_UNREACHABLE_CODE = YES;
				CLANG_WARN__DUPLICATE_METHOD_MATCH = YES;
				"CODE_SIGN_IDENTITY[sdk=iphoneos*]" = "iPhone Developer";
				COPY_PHASE_STRIP = NO;
				DEBUG_INFORMATION_FORMAT = "dwarf-with-dsym";
				ENABLE_NS_ASSERTIONS = NO;
				ENABLE_STRICT_OBJC_MSGSEND = YES;
				GCC_C_LANGUAGE_STANDARD = gnu99;
				GCC_NO_COMMON_BLOCKS = YES;
				GCC_WARN_64_TO_32_BIT_CONVERSION = YES;
				GCC_WARN_ABOUT_RETURN_TYPE = YES_ERROR;
				GCC_WARN_UNDECLARED_SELECTOR = YES;
				GCC_WARN_UNINITIALIZED_AUTOS = YES_AGGRESSIVE;
				GCC_WARN_UNUSED_FUNCTION = YES;
				GCC_WARN_UNUSED_VARIABLE = YES;
				IPHONEOS_DEPLOYMENT_TARGET = 10.3;
				MTL_ENABLE_DEBUG_INFO = NO;
				SDKROOT = iphoneos;
				SWIFT_OPTIMIZATION_LEVEL = "-Owholemodule";
				TARGETED_DEVICE_FAMILY = "1,2";
				VALIDATE_PRODUCT = YES;
			};
			name = Release;
		};
		FC2B52171F7D3E750069E737 /* Debug */ = {
			isa = XCBuildConfiguration;
			baseConfigurationReference = 20FAD062A15BE10197370DA7 /* Pods-DevChat2.debug.xcconfig */;
			buildSettings = {
				ASSETCATALOG_COMPILER_APPICON_NAME = AppIcon;
				CLANG_ENABLE_MODULES = YES;
				DEVELOPMENT_TEAM = 6WESCS98BF;
				INFOPLIST_FILE = DevChat2/Info.plist;
				LD_RUNPATH_SEARCH_PATHS = "$(inherited) @executable_path/Frameworks";
				PRODUCT_BUNDLE_IDENTIFIER = com.muge.DevChat2;
				PRODUCT_NAME = "$(TARGET_NAME)";
				SWIFT_OBJC_BRIDGING_HEADER = "DevChat2/DevChat2-Bridging-Header.h";
				SWIFT_OPTIMIZATION_LEVEL = "-Onone";
				SWIFT_VERSION = 3.0;
			};
			name = Debug;
		};
		FC2B52181F7D3E750069E737 /* Release */ = {
			isa = XCBuildConfiguration;
			baseConfigurationReference = EB661297F1DE40849922A0D2 /* Pods-DevChat2.release.xcconfig */;
			buildSettings = {
				ASSETCATALOG_COMPILER_APPICON_NAME = AppIcon;
				CLANG_ENABLE_MODULES = YES;
				DEVELOPMENT_TEAM = 6WESCS98BF;
				INFOPLIST_FILE = DevChat2/Info.plist;
				LD_RUNPATH_SEARCH_PATHS = "$(inherited) @executable_path/Frameworks";
				PRODUCT_BUNDLE_IDENTIFIER = com.muge.DevChat2;
				PRODUCT_NAME = "$(TARGET_NAME)";
				SWIFT_OBJC_BRIDGING_HEADER = "DevChat2/DevChat2-Bridging-Header.h";
				SWIFT_VERSION = 3.0;
			};
			name = Release;
		};
/* End XCBuildConfiguration section */

/* Begin XCConfigurationList section */
		FC2B51FF1F7D3E750069E737 /* Build configuration list for PBXProject "DevChat2" */ = {
			isa = XCConfigurationList;
			buildConfigurations = (
				FC2B52141F7D3E750069E737 /* Debug */,
				FC2B52151F7D3E750069E737 /* Release */,
			);
			defaultConfigurationIsVisible = 0;
			defaultConfigurationName = Release;
		};
		FC2B52161F7D3E750069E737 /* Build configuration list for PBXNativeTarget "DevChat2" */ = {
			isa = XCConfigurationList;
			buildConfigurations = (
				FC2B52171F7D3E750069E737 /* Debug */,
				FC2B52181F7D3E750069E737 /* Release */,
			);
			defaultConfigurationIsVisible = 0;
			defaultConfigurationName = Release;
		};
/* End XCConfigurationList section */
	};
	rootObject = FC2B51FC1F7D3E750069E737 /* Project object */;
}
